<?xml version="1.0" encoding="utf-8"?>
<Project ToolsVersion="4.0" xmlns="http://schemas.microsoft.com/developer/msbuild/2003">
  <ItemGroup>
    <ClCompile Include="discordrpc.cpp" />
    <ClCompile Include="globals.cpp" />
    <ClCompile Include="modules.cpp" />
    <ClCompile Include="p2mm.cpp" />
    <ClCompile Include="scanner.cpp" />
    <ClCompile Include="vscript.cpp" />
    <ClCompile Include="discord\achievement_manager.cpp">
      <Filter>Discord GameSDK</Filter>
    </ClCompile>
    <ClCompile Include="discord\activity_manager.cpp">
      <Filter>Discord GameSDK</Filter>
    </ClCompile>
    <ClCompile Include="discord\application_manager.cpp">
      <Filter>Discord GameSDK</Filter>
    </ClCompile>
    <ClCompile Include="discord\core.cpp">
      <Filter>Discord GameSDK</Filter>
    </ClCompile>
    <ClCompile Include="discord\image_manager.cpp">
      <Filter>Discord GameSDK</Filter>
    </ClCompile>
    <ClCompile Include="discord\lobby_manager.cpp">
      <Filter>Discord GameSDK</Filter>
    </ClCompile>
    <ClCompile Include="discord\network_manager.cpp">
      <Filter>Discord GameSDK</Filter>
    </ClCompile>
    <ClCompile Include="discord\overlay_manager.cpp">
      <Filter>Discord GameSDK</Filter>
    </ClCompile>
    <ClCompile Include="discord\relationship_manager.cpp">
      <Filter>Discord GameSDK</Filter>
    </ClCompile>
    <ClCompile Include="discord\storage_manager.cpp">
      <Filter>Discord GameSDK</Filter>
    </ClCompile>
    <ClCompile Include="discord\store_manager.cpp">
      <Filter>Discord GameSDK</Filter>
    </ClCompile>
    <ClCompile Include="discord\types.cpp">
      <Filter>Discord GameSDK</Filter>
    </ClCompile>
    <ClCompile Include="discord\user_manager.cpp">
      <Filter>Discord GameSDK</Filter>
    </ClCompile>
    <ClCompile Include="discord\voice_manager.cpp">
      <Filter>Discord GameSDK</Filter>
    </ClCompile>
  </ItemGroup>
  <ItemGroup>
    <ClInclude Include="discordrpc.hpp" />
    <ClInclude Include="globals.hpp" />
    <ClInclude Include="modules.hpp" />
    <ClInclude Include="p2mm.hpp" />
    <ClInclude Include="scanner.hpp" />
    <ClInclude Include="discord\achievement_manager.h">
      <Filter>Discord GameSDK</Filter>
    </ClInclude>
    <ClInclude Include="discord\activity_manager.h">
      <Filter>Discord GameSDK</Filter>
    </ClInclude>
    <ClInclude Include="discord\application_manager.h">
      <Filter>Discord GameSDK</Filter>
    </ClInclude>
    <ClInclude Include="discord\core.h">
      <Filter>Discord GameSDK</Filter>
    </ClInclude>
    <ClInclude Include="discord\discord.h">
      <Filter>Discord GameSDK</Filter>
    </ClInclude>
    <ClInclude Include="discord\event.h">
      <Filter>Discord GameSDK</Filter>
    </ClInclude>
    <ClInclude Include="discord\ffi.h">
      <Filter>Discord GameSDK</Filter>
    </ClInclude>
    <ClInclude Include="discord\image_manager.h">
      <Filter>Discord GameSDK</Filter>
    </ClInclude>
    <ClInclude Include="discord\lobby_manager.h">
      <Filter>Discord GameSDK</Filter>
    </ClInclude>
    <ClInclude Include="discord\network_manager.h">
      <Filter>Discord GameSDK</Filter>
    </ClInclude>
    <ClInclude Include="discord\overlay_manager.h">
      <Filter>Discord GameSDK</Filter>
    </ClInclude>
    <ClInclude Include="discord\relationship_manager.h">
      <Filter>Discord GameSDK</Filter>
    </ClInclude>
    <ClInclude Include="discord\storage_manager.h">
      <Filter>Discord GameSDK</Filter>
    </ClInclude>
    <ClInclude Include="discord\store_manager.h">
      <Filter>Discord GameSDK</Filter>
    </ClInclude>
    <ClInclude Include="discord\types.h">
      <Filter>Discord GameSDK</Filter>
    </ClInclude>
    <ClInclude Include="discord\user_manager.h">
      <Filter>Discord GameSDK</Filter>
    </ClInclude>
    <ClInclude Include="discord\voice_manager.h">
      <Filter>Discord GameSDK</Filter>
    </ClInclude>
  </ItemGroup>
  <ItemGroup>
    <Filter Include="Discord GameSDK">
      <UniqueIdentifier>{b874857f-8e68-408b-8c78-465b16b4a798}</UniqueIdentifier>
    </Filter>
  </ItemGroup>
</Project>